lockfileVersion: 5.3

specifiers:
  esbuild: ^0.14.10
  react-devtools-core: ^4.22.1
  rollup: ^2.63.0
  rollup-plugin-esbuild: ^4.8.2
  rollup-plugin-string: ^3.0.0

dependencies:
  react-devtools-core: 4.22.1

devDependencies:
  esbuild: 0.14.11
  rollup: 2.64.0
  rollup-plugin-esbuild: 4.8.2_esbuild@0.14.11+rollup@2.64.0
  rollup-plugin-string: 3.0.0

packages:

  /@rollup/pluginutils/4.1.2:
    resolution: {integrity: sha512-ROn4qvkxP9SyPeHaf7uQC/GPFY6L/OWy9+bd9AwcjOAWQwxRscoEyAUD8qCY5o5iL4jqQwoLk2kaTKJPb/HwzQ==}
    engines: {node: '>= 8.0.0'}
    dependencies:
      estree-walker: 2.0.2
      picomatch: 2.3.1
    dev: true

  /debug/4.3.3:
    resolution: {integrity: sha512-/zxw5+vh1Tfv+4Qn7a5nsbcJKPaSvCDhojn6FEl9vupwK2VCSDtEiEtqr8DFtzYFOdz63LBkxec7DYuc2jon6Q==}
    engines: {node: '>=6.0'}
    peerDependencies:
      supports-color: '*'
    peerDependenciesMeta:
      supports-color:
        optional: true
    dependencies:
      ms: 2.1.2
    dev: true

  /es-module-lexer/0.9.3:
    resolution: {integrity: sha512-1HQ2M2sPtxwnvOvT1ZClHyQDiggdNjURWpY2we6aMKCQiUVxTmVs2UYPLIrD84sS+kMdUwfBSylbJPwNnBrnHQ==}
    dev: true

  /esbuild-android-arm64/0.14.11:
    resolution: {integrity: sha512-6iHjgvMnC/SzDH8TefL+/3lgCjYWwAd1LixYfmz/TBPbDQlxcuSkX0yiQgcJB9k+ibZ54yjVXziIwGdlc+6WNw==}
    cpu: [arm64]
    os: [android]
    requiresBuild: true
    dev: true
    optional: true

  /esbuild-darwin-64/0.14.11:
    resolution: {integrity: sha512-olq84ikh6TiBcrs3FnM4eR5VPPlcJcdW8BnUz/lNoEWYifYQ+Po5DuYV1oz1CTFMw4k6bQIZl8T3yxL+ZT2uvQ==}
    cpu: [x64]
    os: [darwin]
    requiresBuild: true
    dev: true
    optional: true

  /esbuild-darwin-arm64/0.14.11:
    resolution: {integrity: sha512-Jj0ieWLREPBYr/TZJrb2GFH8PVzDqiQWavo1pOFFShrcmHWDBDrlDxPzEZ67NF/Un3t6sNNmeI1TUS/fe1xARg==}
    cpu: [arm64]
    os: [darwin]
    requiresBuild: true
    dev: true
    optional: true

  /esbuild-freebsd-64/0.14.11:
    resolution: {integrity: sha512-C5sT3/XIztxxz/zwDjPRHyzj/NJFOnakAanXuyfLDwhwupKPd76/PPHHyJx6Po6NI6PomgVp/zi6GRB8PfrOTA==}
    cpu: [x64]
    os: [freebsd]
    requiresBuild: true
    dev: true
    optional: true

  /esbuild-freebsd-arm64/0.14.11:
    resolution: {integrity: sha512-y3Llu4wbs0bk4cwjsdAtVOesXb6JkdfZDLKMt+v1U3tOEPBdSu6w8796VTksJgPfqvpX22JmPLClls0h5p+L9w==}
    cpu: [arm64]
    os: [freebsd]
    requiresBuild: true
    dev: true
    optional: true

  /esbuild-linux-32/0.14.11:
    resolution: {integrity: sha512-Cg3nVsxArjyLke9EuwictFF3Sva+UlDTwHIuIyx8qpxRYAOUTmxr2LzYrhHyTcGOleLGXUXYsnUVwKqnKAgkcg==}
    cpu: [ia32]
    os: [linux]
    requiresBuild: true
    dev: true
    optional: true

  /esbuild-linux-64/0.14.11:
    resolution: {integrity: sha512-oeR6dIrrojr8DKVrxtH3xl4eencmjsgI6kPkDCRIIFwv4p+K7ySviM85K66BN01oLjzthpUMvBVfWSJkBLeRbg==}
    cpu: [x64]
    os: [linux]
    requiresBuild: true
    dev: true
    optional: true

  /esbuild-linux-arm/0.14.11:
    resolution: {integrity: sha512-vcwskfD9g0tojux/ZaTJptJQU3a7YgTYsptK1y6LQ/rJmw7U5QJvboNawqM98Ca3ToYEucfCRGbl66OTNtp6KQ==}
    cpu: [arm]
    os: [linux]
    requiresBuild: true
    dev: true
    optional: true

  /esbuild-linux-arm64/0.14.11:
    resolution: {integrity: sha512-+e6ZCgTFQYZlmg2OqLkg1jHLYtkNDksxWDBWNtI4XG4WxuOCUErLqfEt9qWjvzK3XBcCzHImrajkUjO+rRkbMg==}
    cpu: [arm64]
    os: [linux]
    requiresBuild: true
    dev: true
    optional: true

  /esbuild-linux-mips64le/0.14.11:
    resolution: {integrity: sha512-Rrs99L+p54vepmXIb87xTG6ukrQv+CzrM8eoeR+r/OFL2Rg8RlyEtCeshXJ2+Q66MXZOgPJaokXJZb9snq28bw==}
    cpu: [mips64el]
    os: [linux]
    requiresBuild: true
    dev: true
    optional: true

  /esbuild-linux-ppc64le/0.14.11:
    resolution: {integrity: sha512-JyzziGAI0D30Vyzt0HDihp4s1IUtJ3ssV2zx9O/c+U/dhUHVP2TmlYjzCfCr2Q6mwXTeloDcLS4qkyvJtYptdQ==}
    cpu: [ppc64]
    os: [linux]
    requiresBuild: true
    dev: true
    optional: true

  /esbuild-linux-s390x/0.14.11:
    resolution: {integrity: sha512-DoThrkzunZ1nfRGoDN6REwmo8ZZWHd2ztniPVIR5RMw/Il9wiWEYBahb8jnMzQaSOxBsGp0PbyJeVLTUatnlcw==}
    cpu: [s390x]
    os: [linux]
    requiresBuild: true
    dev: true
    optional: true

  /esbuild-netbsd-64/0.14.11:
    resolution: {integrity: sha512-12luoRQz+6eihKYh1zjrw0CBa2aw3twIiHV/FAfjh2NEBDgJQOY4WCEUEN+Rgon7xmLh4XUxCQjnwrvf8zhACw==}
    cpu: [x64]
    os: [netbsd]
    requiresBuild: true
    dev: true
    optional: true

  /esbuild-openbsd-64/0.14.11:
    resolution: {integrity: sha512-l18TZDjmvwW6cDeR4fmizNoxndyDHamGOOAenwI4SOJbzlJmwfr0jUgjbaXCUuYVOA964siw+Ix+A+bhALWg8Q==}
    cpu: [x64]
    os: [openbsd]
    requiresBuild: true
    dev: true
    optional: true

  /esbuild-sunos-64/0.14.11:
    resolution: {integrity: sha512-bmYzDtwASBB8c+0/HVOAiE9diR7+8zLm/i3kEojUH2z0aIs6x/S4KiTuT5/0VKJ4zk69kXel1cNWlHBMkmavQg==}
    cpu: [x64]
    os: [sunos]
    requiresBuild: true
    dev: true
    optional: true

  /esbuild-windows-32/0.14.11:
    resolution: {integrity: sha512-J1Ys5hMid8QgdY00OBvIolXgCQn1ARhYtxPnG6ESWNTty3ashtc4+As5nTrsErnv8ZGUcWZe4WzTP/DmEVX1UQ==}
    cpu: [ia32]
    os: [win32]
    requiresBuild: true
    dev: true
    optional: true

  /esbuild-windows-64/0.14.11:
    resolution: {integrity: sha512-h9FmMskMuGeN/9G9+LlHPAoiQk9jlKDUn9yA0MpiGzwLa82E7r1b1u+h2a+InprbSnSLxDq/7p5YGtYVO85Mlg==}
    cpu: [x64]
    os: [win32]
    requiresBuild: true
    dev: true
    optional: true

  /esbuild-windows-arm64/0.14.11:
    resolution: {integrity: sha512-dZp7Krv13KpwKklt9/1vBFBMqxEQIO6ri7Azf8C+ob4zOegpJmha2XY9VVWP/OyQ0OWk6cEeIzMJwInRZrzBUQ==}
    cpu: [arm64]
    os: [win32]
    requiresBuild: true
    dev: true
    optional: true

  /esbuild/0.14.11:
    resolution: {integrity: sha512-xZvPtVj6yecnDeFb3KjjCM6i7B5TCAQZT77kkW/CpXTMnd6VLnRPKrUB1XHI1pSq6a4Zcy3BGueQ8VljqjDGCg==}
    hasBin: true
    requiresBuild: true
    optionalDependencies:
      esbuild-android-arm64: 0.14.11
      esbuild-darwin-64: 0.14.11
      esbuild-darwin-arm64: 0.14.11
      esbuild-freebsd-64: 0.14.11
      esbuild-freebsd-arm64: 0.14.11
      esbuild-linux-32: 0.14.11
      esbuild-linux-64: 0.14.11
      esbuild-linux-arm: 0.14.11
      esbuild-linux-arm64: 0.14.11
      esbuild-linux-mips64le: 0.14.11
      esbuild-linux-ppc64le: 0.14.11
      esbuild-linux-s390x: 0.14.11
      esbuild-netbsd-64: 0.14.11
      esbuild-openbsd-64: 0.14.11
      esbuild-sunos-64: 0.14.11
      esbuild-windows-32: 0.14.11
      esbuild-windows-64: 0.14.11
      esbuild-windows-arm64: 0.14.11
    dev: true

  /estree-walker/0.6.1:
    resolution: {integrity: sha512-SqmZANLWS0mnatqbSfRP5g8OXZC12Fgg1IwNtLsyHDzJizORW4khDfjPqJZsemPWBB2uqykUah5YpQ6epsqC/w==}
    dev: true

  /estree-walker/2.0.2:
    resolution: {integrity: sha512-Rfkk/Mp/DL7JVje3u18FxFujQlTNR2q6QfMSMB7AvCBx91NGj/ba3kCfza0f6dVDbw7YlRf/nDrn7pQrCCyQ/w==}
    dev: true

  /fsevents/2.3.2:
    resolution: {integrity: sha512-xiqMQR4xAeHTuB9uWm+fFRcIOgKBMiOBP+eXiyT7jsgVCq1bkVygt00oASowB7EdtpOHaaPgKt812P9ab+DDKA==}
    engines: {node: ^8.16.0 || ^10.6.0 || >=11.0.0}
    os: [darwin]
    requiresBuild: true
    dev: true
    optional: true

  /joycon/3.1.1:
    resolution: {integrity: sha512-34wB/Y7MW7bzjKRjUKTa46I2Z7eV62Rkhva+KkopW7Qvv/OSWBqvkSY7vusOPrNuZcUG3tApvdVgNB8POj3SPw==}
    engines: {node: '>=10'}
    dev: true

  /jsonc-parser/3.0.0:
    resolution: {integrity: sha512-fQzRfAbIBnR0IQvftw9FJveWiHp72Fg20giDrHz6TdfB12UH/uue0D3hm57UB5KgAVuniLMCaS8P1IMj9NR7cA==}
    dev: true

  /ms/2.1.2:
    resolution: {integrity: sha512-sGkPx+VjMtmA6MX27oA4FBFELFCZZ4S4XqeGOXCv68tT+jb3vk/RyaKWP0PTKyWtmLSM0b+adUTEvbs1PEaH2w==}
    dev: true

  /picomatch/2.3.1:
    resolution: {integrity: sha512-JU3teHTNjmE2VCGFzuY8EXzCDVwEqB2a8fsIvwaStHhAWJEeVd1o1QD80CU6+ZdEXXSLbSsuLwJjkCBWqRQUVA==}
    engines: {node: '>=8.6'}
    dev: true

  /react-devtools-core/4.22.1:
    resolution: {integrity: sha512-pvpNDHE7p0FtcCmIWGazoY8LLVfBI9sw0Kf10kdHhPI9Tzt3OG/qEt16GrAbE0keuna5WzX3r1qPKVjqOqsuUg==}
    dependencies:
      shell-quote: 1.7.3
      ws: 7.5.6
    transitivePeerDependencies:
      - bufferutil
      - utf-8-validate
    dev: false

  /rollup-plugin-esbuild/4.8.2_esbuild@0.14.11+rollup@2.64.0:
    resolution: {integrity: sha512-wsaYNOjzTb6dN1qCIZsMZ7Q0LWiPJklYs2TDI8vJA2LUbvtPUY+17TC8C0vSat3jPMInfR9XWKdA7ttuwkjsGQ==}
    engines: {node: '>=12'}
    peerDependencies:
      esbuild: '>=0.10.1'
      rollup: ^1.20.0 || ^2.0.0
    dependencies:
      '@rollup/pluginutils': 4.1.2
      debug: 4.3.3
      es-module-lexer: 0.9.3
      esbuild: 0.14.11
      joycon: 3.1.1
      jsonc-parser: 3.0.0
      rollup: 2.64.0
    transitivePeerDependencies:
      - supports-color
    dev: true

  /rollup-plugin-string/3.0.0:
    resolution: {integrity: sha512-vqyzgn9QefAgeKi+Y4A7jETeIAU1zQmS6VotH6bzm/zmUQEnYkpIGRaOBPY41oiWYV4JyBoGAaBjYMYuv+6wVw==}
    dependencies:
      rollup-pluginutils: 2.8.2
    dev: true

  /rollup-pluginutils/2.8.2:
    resolution: {integrity: sha512-EEp9NhnUkwY8aif6bxgovPHMoMoNr2FulJziTndpt5H9RdwC47GSGuII9XxpSdzVGM0GWrNPHV6ie1LTNJPaLQ==}
    dependencies:
      estree-walker: 0.6.1
    dev: true

  /rollup/2.64.0:
    resolution: {integrity: sha512-+c+lbw1lexBKSMb1yxGDVfJ+vchJH3qLbmavR+awDinTDA2C5Ug9u7lkOzj62SCu0PKUExsW36tpgW7Fmpn3yQ==}
    engines: {node: '>=10.0.0'}
    hasBin: true
    optionalDependencies:
      fsevents: 2.3.2
    dev: true

  /shell-quote/1.7.3:
    resolution: {integrity: sha512-Vpfqwm4EnqGdlsBFNmHhxhElJYrdfcxPThu+ryKS5J8L/fhAwLazFZtq+S+TWZ9ANj2piSQLGj6NQg+lKPmxrw==}
    dev: false

  /ws/7.5.6:
    resolution: {integrity: sha512-6GLgCqo2cy2A2rjCNFlxQS6ZljG/coZfZXclldI8FB/1G3CCI36Zd8xy2HrFVACi8tfk5XrgLQEk+P0Tnz9UcA==}
    engines: {node: '>=8.3.0'}
    peerDependencies:
      bufferutil: ^4.0.1
      utf-8-validate: ^5.0.2
    peerDependenciesMeta:
      bufferutil:
        optional: true
      utf-8-validate:
        optional: true
    dev: false
